
Microsoft Visual Studio Solution File, Format Version 12.00
# Visual Studio Version 17
VisualStudioVersion = 17.5.002.0
MinimumVisualStudioVersion = 10.0.40219.1
Project("{9A19103F-16F7-4668-BE54-9A1E7A4F7556}") = "palidrom", "palidrom.csproj", "{264ADCB3-988A-403E-935C-9DA14D79564B}"
EndProject
Global
	GlobalSection(SolutionConfigurationPlatforms) = preSolution
		Debug|Any CPU = Debug|Any CPU
		Release|Any CPU = Release|Any CPU
	EndGlobalSection
	GlobalSection(ProjectConfigurationPlatforms) = postSolution
		{264ADCB3-988A-403E-935C-9DA14D79564B}.Debug|Any CPU.ActiveCfg = Debug|Any CPU
		{264ADCB3-988A-403E-935C-9DA14D79564B}.Debug|Any CPU.Build.0 = Debug|Any CPU
		{264ADCB3-988A-403E-935C-9DA14D79564B}.Release|Any CPU.ActiveCfg = Release|Any CPU
		{264ADCB3-988A-403E-935C-9DA14D79564B}.Release|Any CPU.Build.0 = Release|Any CPU
	EndGlobalSection
	GlobalSection(SolutionProperties) = preSolution
		HideSolutionNode = FALSE
	EndGlobalSection
	GlobalSection(ExtensibilityGlobals) = postSolution
		SolutionGuid = {12656D95-697C-45C5-A3DE-8BD7E35348D2}
	EndGlobalSection
EndGlobal
